
Microsoft Visual Studio Solution File, Format Version 11.00
# Visual Studio 2010
Project("{FAE04EC0-301F-11D3-BF4B-00C04F79EFBC}") = "Assembly-CSharp", "Assembly-CSharp.csproj", "{6027B98A-5812-8DEA-B00D-B6A3EAC139B4}"
EndProject
Project("{FAE04EC0-301F-11D3-BF4B-00C04F79EFBC}") = "Assembly-CSharp-Editor", "Assembly-CSharp-Editor.csproj", "{E25BF146-CCE1-63EA-E6AF-FC3632159759}"
EndProject
Global
	GlobalSection(SolutionConfigurationPlatforms) = preSolution
		Debug|Any CPU = Debug|Any CPU
		Release|Any CPU = Release|Any CPU
	EndGlobalSection
	GlobalSection(ProjectConfigurationPlatforms) = postSolution
		{6027B98A-5812-8DEA-B00D-B6A3EAC139B4}.Debug|Any CPU.ActiveCfg = Debug|Any CPU
		{6027B98A-5812-8DEA-B00D-B6A3EAC139B4}.Debug|Any CPU.Build.0 = Debug|Any CPU
		{6027B98A-5812-8DEA-B00D-B6A3EAC139B4}.Release|Any CPU.ActiveCfg = Release|Any CPU
		{6027B98A-5812-8DEA-B00D-B6A3EAC139B4}.Release|Any CPU.Build.0 = Release|Any CPU
		{E25BF146-CCE1-63EA-E6AF-FC3632159759}.Debug|Any CPU.ActiveCfg = Debug|Any CPU
		{E25BF146-CCE1-63EA-E6AF-FC3632159759}.Debug|Any CPU.Build.0 = Debug|Any CPU
		{E25BF146-CCE1-63EA-E6AF-FC3632159759}.Release|Any CPU.ActiveCfg = Release|Any CPU
		{E25BF146-CCE1-63EA-E6AF-FC3632159759}.Release|Any CPU.Build.0 = Release|Any CPU
	EndGlobalSection
	GlobalSection(SolutionProperties) = preSolution
		HideSolutionNode = FALSE
	EndGlobalSection
	GlobalSection(MonoDevelopProperties) = preSolution
		StartupItem = Assembly-CSharp.csproj
	EndGlobalSection
EndGlobal
